// !$*UTF8*$!
{
	archiveVersion = 1;
	classes = {
	};
	objectVersion = 46;
	objects = {

/* Begin PBXBuildFile section */
		CE26E28316A5502800C5561F /* MainStoryboard.storyboard in Resources */ = {isa = PBXBuildFile; fileRef = CE26E28216A5502800C5561F /* MainStoryboard.storyboard */; };
		CE26E28616A591A700C5561F /* Favorite_off.png in Resources */ = {isa = PBXBuildFile; fileRef = CE26E28416A591A700C5561F /* Favorite_off.png */; };
		CE26E28716A591A700C5561F /* Favorite_on.png in Resources */ = {isa = PBXBuildFile; fileRef = CE26E28516A591A700C5561F /* Favorite_on.png */; };
		CE26E28916A5948500C5561F /* Favorite_off.png in Resources */ = {isa = PBXBuildFile; fileRef = CE26E28816A5948500C5561F /* Favorite_off.png */; };
		CE38AAD716718ABA00E1CA5C /* TableViewController.m in Sources */ = {isa = PBXBuildFile; fileRef = CE38AAD616718ABA00E1CA5C /* TableViewController.m */; };
		CE38AB171672A4BE00E1CA5C /* DetailViewController.m in Sources */ = {isa = PBXBuildFile; fileRef = CE38AB161672A4BE00E1CA5C /* DetailViewController.m */; };
		CE59B9E3162CBBA30086A36E /* UIKit.framework in Frameworks */ = {isa = PBXBuildFile; fileRef = CE59B9E2162CBBA30086A36E /* UIKit.framework */; };
		CE59B9E5162CBBA30086A36E /* Foundation.framework in Frameworks */ = {isa = PBXBuildFile; fileRef = CE59B9E4162CBBA30086A36E /* Foundation.framework */; };
		CE59B9E7162CBBA30086A36E /* CoreGraphics.framework in Frameworks */ = {isa = PBXBuildFile; fileRef = CE59B9E6162CBBA30086A36E /* CoreGraphics.framework */; };
		CE59B9EF162CBBA30086A36E /* main.m in Sources */ = {isa = PBXBuildFile; fileRef = CE59B9EE162CBBA30086A36E /* main.m */; };
		CE59B9F3162CBBA30086A36E /* AppDelegate.m in Sources */ = {isa = PBXBuildFile; fileRef = CE59B9F2162CBBA30086A36E /* AppDelegate.m */; };
		CE59B9F9162CBBA30086A36E /* MainViewController.m in Sources */ = {isa = PBXBuildFile; fileRef = CE59B9F8162CBBA30086A36E /* MainViewController.m */; };
		CE5AD45D1667BADD0010F5EF /* communities.json in Resources */ = {isa = PBXBuildFile; fileRef = CE5AD45C1667BADD0010F5EF /* communities.json */; };
		CE60CD1416A364810062EF2B /* Products.m in Sources */ = {isa = PBXBuildFile; fileRef = CE60CD1316A364810062EF2B /* Products.m */; };
		CE6387E116A6208300698F0C /* NOT.png in Resources */ = {isa = PBXBuildFile; fileRef = CE6387DF16A6208300698F0C /* NOT.png */; };
		CE6387E216A6208300698F0C /* OK.png in Resources */ = {isa = PBXBuildFile; fileRef = CE6387E016A6208300698F0C /* OK.png */; };
		CE7389A61655E375003AE3DC /* ScanViewController.m in Sources */ = {isa = PBXBuildFile; fileRef = CE7389A51655E375003AE3DC /* ScanViewController.m */; };
		CE7B845B167A1283005B5A3E /* CategoryViewController.m in Sources */ = {isa = PBXBuildFile; fileRef = CE7B845A167A1283005B5A3E /* CategoryViewController.m */; };
		CE7F43841643A81C00FA2ED5 /* CoreData.framework in Frameworks */ = {isa = PBXBuildFile; fileRef = CE7F43831643A81C00FA2ED5 /* CoreData.framework */; };
		CE9DB7B1162D33BE00D2D214 /* DataModel.xcdatamodeld in Sources */ = {isa = PBXBuildFile; fileRef = CE9DB7AF162D33BE00D2D214 /* DataModel.xcdatamodeld */; };
		CE9DB7D5162D5B5B00D2D214 /* libzbar.a in Frameworks */ = {isa = PBXBuildFile; fileRef = CE9DB7CF162D5B5B00D2D214 /* libzbar.a */; };
		CE9DB7D6162D5B5B00D2D214 /* zbar-back.png in Resources */ = {isa = PBXBuildFile; fileRef = CE9DB7D1162D5B5B00D2D214 /* zbar-back.png */; };
		CE9DB7D7162D5B5B00D2D214 /* zbar-help.html in Resources */ = {isa = PBXBuildFile; fileRef = CE9DB7D2162D5B5B00D2D214 /* zbar-help.html */; };
		CE9DB7D8162D5B5B00D2D214 /* zbar-helpicons.png in Resources */ = {isa = PBXBuildFile; fileRef = CE9DB7D3162D5B5B00D2D214 /* zbar-helpicons.png */; };
		CEBC0A07162D8341002359C2 /* ScanView.m in Sources */ = {isa = PBXBuildFile; fileRef = CEBC0A06162D8341002359C2 /* ScanView.m */; };
		CEBC0A0D162D89E7002359C2 /* AVFoundation.framework in Frameworks */ = {isa = PBXBuildFile; fileRef = CEBC0A08162D89E7002359C2 /* AVFoundation.framework */; };
		CEBC0A0E162D89E7002359C2 /* CoreMedia.framework in Frameworks */ = {isa = PBXBuildFile; fileRef = CEBC0A09162D89E7002359C2 /* CoreMedia.framework */; };
		CEBC0A0F162D89E7002359C2 /* CoreVideo.framework in Frameworks */ = {isa = PBXBuildFile; fileRef = CEBC0A0A162D89E7002359C2 /* CoreVideo.framework */; };
		CEBC0A10162D89E7002359C2 /* libiconv.dylib in Frameworks */ = {isa = PBXBuildFile; fileRef = CEBC0A0B162D89E7002359C2 /* libiconv.dylib */; };
		CEBC0A11162D89E7002359C2 /* QuartzCore.framework in Frameworks */ = {isa = PBXBuildFile; fileRef = CEBC0A0C162D89E7002359C2 /* QuartzCore.framework */; };
/* End PBXBuildFile section */

/* Begin PBXFileReference section */
		CE26E28216A5502800C5561F /* MainStoryboard.storyboard */ = {isa = PBXFileReference; fileEncoding = 4; lastKnownFileType = file.storyboard; path = MainStoryboard.storyboard; sourceTree = "<group>"; };
		CE26E28416A591A700C5561F /* Favorite_off.png */ = {isa = PBXFileReference; lastKnownFileType = image.png; path = Favorite_off.png; sourceTree = "<group>"; };
		CE26E28516A591A700C5561F /* Favorite_on.png */ = {isa = PBXFileReference; lastKnownFileType = image.png; path = Favorite_on.png; sourceTree = "<group>"; };
		CE26E28816A5948500C5561F /* Favorite_off.png */ = {isa = PBXFileReference; lastKnownFileType = image.png; path = Favorite_off.png; sourceTree = "<group>"; };
		CE38AAD516718ABA00E1CA5C /* TableViewController.h */ = {isa = PBXFileReference; fileEncoding = 4; lastKnownFileType = sourcecode.c.h; name = TableViewController.h; path = ../TableViewController.h; sourceTree = "<group>"; };
		CE38AAD616718ABA00E1CA5C /* TableViewController.m */ = {isa = PBXFileReference; fileEncoding = 4; lastKnownFileType = sourcecode.c.objc; name = TableViewController.m; path = ../TableViewController.m; sourceTree = "<group>"; };
		CE38AB151672A4BE00E1CA5C /* DetailViewController.h */ = {isa = PBXFileReference; fileEncoding = 4; lastKnownFileType = sourcecode.c.h; path = DetailViewController.h; sourceTree = "<group>"; };
		CE38AB161672A4BE00E1CA5C /* DetailViewController.m */ = {isa = PBXFileReference; fileEncoding = 4; lastKnownFileType = sourcecode.c.objc; path = DetailViewController.m; sourceTree = "<group>"; };
		CE59B9DE162CBBA30086A36E /* Mobile Food.app */ = {isa = PBXFileReference; explicitFileType = wrapper.application; includeInIndex = 0; path = "Mobile Food.app"; sourceTree = BUILT_PRODUCTS_DIR; };
		CE59B9E2162CBBA30086A36E /* UIKit.framework */ = {isa = PBXFileReference; lastKnownFileType = wrapper.framework; name = UIKit.framework; path = System/Library/Frameworks/UIKit.framework; sourceTree = SDKROOT; };
		CE59B9E4162CBBA30086A36E /* Foundation.framework */ = {isa = PBXFileReference; lastKnownFileType = wrapper.framework; name = Foundation.framework; path = System/Library/Frameworks/Foundation.framework; sourceTree = SDKROOT; };
		CE59B9E6162CBBA30086A36E /* CoreGraphics.framework */ = {isa = PBXFileReference; lastKnownFileType = wrapper.framework; name = CoreGraphics.framework; path = System/Library/Frameworks/CoreGraphics.framework; sourceTree = SDKROOT; };
		CE59B9EA162CBBA30086A36E /* Mobile Food-Info.plist */ = {isa = PBXFileReference; lastKnownFileType = text.plist.xml; path = "Mobile Food-Info.plist"; sourceTree = "<group>"; };
		CE59B9EE162CBBA30086A36E /* main.m */ = {isa = PBXFileReference; lastKnownFileType = sourcecode.c.objc; path = main.m; sourceTree = "<group>"; };
		CE59B9F0162CBBA30086A36E /* Mobile Food-Prefix.pch */ = {isa = PBXFileReference; lastKnownFileType = sourcecode.c.h; path = "Mobile Food-Prefix.pch"; sourceTree = "<group>"; };
		CE59B9F1162CBBA30086A36E /* AppDelegate.h */ = {isa = PBXFileReference; lastKnownFileType = sourcecode.c.h; path = AppDelegate.h; sourceTree = "<group>"; };
		CE59B9F2162CBBA30086A36E /* AppDelegate.m */ = {isa = PBXFileReference; lastKnownFileType = sourcecode.c.objc; path = AppDelegate.m; sourceTree = "<group>"; };
		CE59B9F7162CBBA30086A36E /* MainViewController.h */ = {isa = PBXFileReference; lastKnownFileType = sourcecode.c.h; path = MainViewController.h; sourceTree = "<group>"; };
		CE59B9F8162CBBA30086A36E /* MainViewController.m */ = {isa = PBXFileReference; lastKnownFileType = sourcecode.c.objc; path = MainViewController.m; sourceTree = "<group>"; };
		CE5AD45C1667BADD0010F5EF /* communities.json */ = {isa = PBXFileReference; fileEncoding = 4; lastKnownFileType = text.json; path = communities.json; sourceTree = "<group>"; };
		CE60CD1216A364810062EF2B /* Products.h */ = {isa = PBXFileReference; fileEncoding = 4; lastKnownFileType = sourcecode.c.h; path = Products.h; sourceTree = "<group>"; };
		CE60CD1316A364810062EF2B /* Products.m */ = {isa = PBXFileReference; fileEncoding = 4; lastKnownFileType = sourcecode.c.objc; path = Products.m; sourceTree = "<group>"; };
		CE6387DF16A6208300698F0C /* NOT.png */ = {isa = PBXFileReference; lastKnownFileType = image.png; path = NOT.png; sourceTree = "<group>"; };
		CE6387E016A6208300698F0C /* OK.png */ = {isa = PBXFileReference; lastKnownFileType = image.png; path = OK.png; sourceTree = "<group>"; };
		CE7389A41655E375003AE3DC /* ScanViewController.h */ = {isa = PBXFileReference; fileEncoding = 4; lastKnownFileType = sourcecode.c.h; path = ScanViewController.h; sourceTree = "<group>"; };
		CE7389A51655E375003AE3DC /* ScanViewController.m */ = {isa = PBXFileReference; fileEncoding = 4; lastKnownFileType = sourcecode.c.objc; path = ScanViewController.m; sourceTree = "<group>"; };
		CE7B8459167A1283005B5A3E /* CategoryViewController.h */ = {isa = PBXFileReference; fileEncoding = 4; lastKnownFileType = sourcecode.c.h; name = CategoryViewController.h; path = ../CategoryViewController.h; sourceTree = "<group>"; };
		CE7B845A167A1283005B5A3E /* CategoryViewController.m */ = {isa = PBXFileReference; fileEncoding = 4; lastKnownFileType = sourcecode.c.objc; name = CategoryViewController.m; path = ../CategoryViewController.m; sourceTree = "<group>"; };
		CE7F43831643A81C00FA2ED5 /* CoreData.framework */ = {isa = PBXFileReference; lastKnownFileType = wrapper.framework; name = CoreData.framework; path = System/Library/Frameworks/CoreData.framework; sourceTree = SDKROOT; };
		CE9DB7B0162D33BE00D2D214 /* DataModel.xcdatamodel */ = {isa = PBXFileReference; lastKnownFileType = wrapper.xcdatamodel; path = DataModel.xcdatamodel; sourceTree = "<group>"; };
		CE9DB7BB162D5B5B00D2D214 /* Decoder.h */ = {isa = PBXFileReference; fileEncoding = 4; lastKnownFileType = sourcecode.c.h; path = Decoder.h; sourceTree = "<group>"; };
		CE9DB7BC162D5B5B00D2D214 /* Exception.h */ = {isa = PBXFileReference; fileEncoding = 4; lastKnownFileType = sourcecode.c.h; path = Exception.h; sourceTree = "<group>"; };
		CE9DB7BD162D5B5B00D2D214 /* Image.h */ = {isa = PBXFileReference; fileEncoding = 4; lastKnownFileType = sourcecode.c.h; path = Image.h; sourceTree = "<group>"; };
		CE9DB7BE162D5B5B00D2D214 /* ImageScanner.h */ = {isa = PBXFileReference; fileEncoding = 4; lastKnownFileType = sourcecode.c.h; path = ImageScanner.h; sourceTree = "<group>"; };
		CE9DB7BF162D5B5B00D2D214 /* Processor.h */ = {isa = PBXFileReference; fileEncoding = 4; lastKnownFileType = sourcecode.c.h; path = Processor.h; sourceTree = "<group>"; };
		CE9DB7C0162D5B5B00D2D214 /* Scanner.h */ = {isa = PBXFileReference; fileEncoding = 4; lastKnownFileType = sourcecode.c.h; path = Scanner.h; sourceTree = "<group>"; };
		CE9DB7C1162D5B5B00D2D214 /* Symbol.h */ = {isa = PBXFileReference; fileEncoding = 4; lastKnownFileType = sourcecode.c.h; path = Symbol.h; sourceTree = "<group>"; };
		CE9DB7C2162D5B5B00D2D214 /* Video.h */ = {isa = PBXFileReference; fileEncoding = 4; lastKnownFileType = sourcecode.c.h; path = Video.h; sourceTree = "<group>"; };
		CE9DB7C3162D5B5B00D2D214 /* Window.h */ = {isa = PBXFileReference; fileEncoding = 4; lastKnownFileType = sourcecode.c.h; path = Window.h; sourceTree = "<group>"; };
		CE9DB7C4162D5B5B00D2D214 /* zbar.h */ = {isa = PBXFileReference; fileEncoding = 4; lastKnownFileType = sourcecode.c.h; path = zbar.h; sourceTree = "<group>"; };
		CE9DB7C5162D5B5B00D2D214 /* ZBarCameraSimulator.h */ = {isa = PBXFileReference; fileEncoding = 4; lastKnownFileType = sourcecode.c.h; path = ZBarCameraSimulator.h; sourceTree = "<group>"; };
		CE9DB7C6162D5B5B00D2D214 /* ZBarCaptureReader.h */ = {isa = PBXFileReference; fileEncoding = 4; lastKnownFileType = sourcecode.c.h; path = ZBarCaptureReader.h; sourceTree = "<group>"; };
		CE9DB7C7162D5B5B00D2D214 /* ZBarHelpController.h */ = {isa = PBXFileReference; fileEncoding = 4; lastKnownFileType = sourcecode.c.h; path = ZBarHelpController.h; sourceTree = "<group>"; };
		CE9DB7C8162D5B5B00D2D214 /* ZBarImage.h */ = {isa = PBXFileReference; fileEncoding = 4; lastKnownFileType = sourcecode.c.h; path = ZBarImage.h; sourceTree = "<group>"; };
		CE9DB7C9162D5B5B00D2D214 /* ZBarImageScanner.h */ = {isa = PBXFileReference; fileEncoding = 4; lastKnownFileType = sourcecode.c.h; path = ZBarImageScanner.h; sourceTree = "<group>"; };
		CE9DB7CA162D5B5B00D2D214 /* ZBarReaderController.h */ = {isa = PBXFileReference; fileEncoding = 4; lastKnownFileType = sourcecode.c.h; path = ZBarReaderController.h; sourceTree = "<group>"; };
		CE9DB7CB162D5B5B00D2D214 /* ZBarReaderView.h */ = {isa = PBXFileReference; fileEncoding = 4; lastKnownFileType = sourcecode.c.h; path = ZBarReaderView.h; sourceTree = "<group>"; };
		CE9DB7CC162D5B5B00D2D214 /* ZBarReaderViewController.h */ = {isa = PBXFileReference; fileEncoding = 4; lastKnownFileType = sourcecode.c.h; path = ZBarReaderViewController.h; sourceTree = "<group>"; };
		CE9DB7CD162D5B5B00D2D214 /* ZBarSDK.h */ = {isa = PBXFileReference; fileEncoding = 4; lastKnownFileType = sourcecode.c.h; path = ZBarSDK.h; sourceTree = "<group>"; };
		CE9DB7CE162D5B5B00D2D214 /* ZBarSymbol.h */ = {isa = PBXFileReference; fileEncoding = 4; lastKnownFileType = sourcecode.c.h; path = ZBarSymbol.h; sourceTree = "<group>"; };
		CE9DB7CF162D5B5B00D2D214 /* libzbar.a */ = {isa = PBXFileReference; lastKnownFileType = archive.ar; path = libzbar.a; sourceTree = "<group>"; };
		CE9DB7D1162D5B5B00D2D214 /* zbar-back.png */ = {isa = PBXFileReference; lastKnownFileType = image.png; path = "zbar-back.png"; sourceTree = "<group>"; };
		CE9DB7D2162D5B5B00D2D214 /* zbar-help.html */ = {isa = PBXFileReference; fileEncoding = 4; lastKnownFileType = text.html; path = "zbar-help.html"; sourceTree = "<group>"; };
		CE9DB7D3162D5B5B00D2D214 /* zbar-helpicons.png */ = {isa = PBXFileReference; lastKnownFileType = image.png; path = "zbar-helpicons.png"; sourceTree = "<group>"; };
		CEBC0A05162D8341002359C2 /* ScanView.h */ = {isa = PBXFileReference; fileEncoding = 4; lastKnownFileType = sourcecode.c.h; path = ScanView.h; sourceTree = "<group>"; };
		CEBC0A06162D8341002359C2 /* ScanView.m */ = {isa = PBXFileReference; fileEncoding = 4; lastKnownFileType = sourcecode.c.objc; path = ScanView.m; sourceTree = "<group>"; };
		CEBC0A08162D89E7002359C2 /* AVFoundation.framework */ = {isa = PBXFileReference; lastKnownFileType = wrapper.framework; name = AVFoundation.framework; path = System/Library/Frameworks/AVFoundation.framework; sourceTree = SDKROOT; };
		CEBC0A09162D89E7002359C2 /* CoreMedia.framework */ = {isa = PBXFileReference; lastKnownFileType = wrapper.framework; name = CoreMedia.framework; path = System/Library/Frameworks/CoreMedia.framework; sourceTree = SDKROOT; };
		CEBC0A0A162D89E7002359C2 /* CoreVideo.framework */ = {isa = PBXFileReference; lastKnownFileType = wrapper.framework; name = CoreVideo.framework; path = System/Library/Frameworks/CoreVideo.framework; sourceTree = SDKROOT; };
		CEBC0A0B162D89E7002359C2 /* libiconv.dylib */ = {isa = PBXFileReference; lastKnownFileType = "compiled.mach-o.dylib"; name = libiconv.dylib; path = usr/lib/libiconv.dylib; sourceTree = SDKROOT; };
		CEBC0A0C162D89E7002359C2 /* QuartzCore.framework */ = {isa = PBXFileReference; lastKnownFileType = wrapper.framework; name = QuartzCore.framework; path = System/Library/Frameworks/QuartzCore.framework; sourceTree = SDKROOT; };
/* End PBXFileReference section */

/* Begin PBXFrameworksBuildPhase section */
		CE59B9DB162CBBA30086A36E /* Frameworks */ = {
			isa = PBXFrameworksBuildPhase;
			buildActionMask = 2147483647;
			files = (
				CE7F43841643A81C00FA2ED5 /* CoreData.framework in Frameworks */,
				CEBC0A0D162D89E7002359C2 /* AVFoundation.framework in Frameworks */,
				CEBC0A0E162D89E7002359C2 /* CoreMedia.framework in Frameworks */,
				CEBC0A0F162D89E7002359C2 /* CoreVideo.framework in Frameworks */,
				CEBC0A10162D89E7002359C2 /* libiconv.dylib in Frameworks */,
				CEBC0A11162D89E7002359C2 /* QuartzCore.framework in Frameworks */,
				CE59B9E3162CBBA30086A36E /* UIKit.framework in Frameworks */,
				CE59B9E5162CBBA30086A36E /* Foundation.framework in Frameworks */,
				CE59B9E7162CBBA30086A36E /* CoreGraphics.framework in Frameworks */,
				CE9DB7D5162D5B5B00D2D214 /* libzbar.a in Frameworks */,
			);
			runOnlyForDeploymentPostprocessing = 0;
		};
/* End PBXFrameworksBuildPhase section */

/* Begin PBXGroup section */
		CE59B9D3162CBBA20086A36E = {
			isa = PBXGroup;
			children = (
				CE7F43831643A81C00FA2ED5 /* CoreData.framework */,
				CEBC0A08162D89E7002359C2 /* AVFoundation.framework */,
				CEBC0A09162D89E7002359C2 /* CoreMedia.framework */,
				CEBC0A0A162D89E7002359C2 /* CoreVideo.framework */,
				CEBC0A0B162D89E7002359C2 /* libiconv.dylib */,
				CEBC0A0C162D89E7002359C2 /* QuartzCore.framework */,
				CE9DB7B7162D5B5B00D2D214 /* ZBarSDK */,
				CE59B9E8162CBBA30086A36E /* Mobile Food */,
				CE59B9E1162CBBA30086A36E /* Frameworks */,
				CE59B9DF162CBBA30086A36E /* Products */,
			);
			sourceTree = "<group>";
		};
		CE59B9DF162CBBA30086A36E /* Products */ = {
			isa = PBXGroup;
			children = (
				CE59B9DE162CBBA30086A36E /* Mobile Food.app */,
			);
			name = Products;
			sourceTree = "<group>";
		};
		CE59B9E1162CBBA30086A36E /* Frameworks */ = {
			isa = PBXGroup;
			children = (
				CE59B9E2162CBBA30086A36E /* UIKit.framework */,
				CE59B9E4162CBBA30086A36E /* Foundation.framework */,
				CE59B9E6162CBBA30086A36E /* CoreGraphics.framework */,
			);
			name = Frameworks;
			sourceTree = "<group>";
		};
		CE59B9E8162CBBA30086A36E /* Mobile Food */ = {
			isa = PBXGroup;
			children = (
				CE6387DF16A6208300698F0C /* NOT.png */,
				CE6387E016A6208300698F0C /* OK.png */,
				CE26E28816A5948500C5561F /* Favorite_off.png */,
				CE26E28416A591A700C5561F /* Favorite_off.png */,
				CE26E28516A591A700C5561F /* Favorite_on.png */,
				CE26E28216A5502800C5561F /* MainStoryboard.storyboard */,
				CE7B8459167A1283005B5A3E /* CategoryViewController.h */,
				CE7B845A167A1283005B5A3E /* CategoryViewController.m */,
				CE38AB151672A4BE00E1CA5C /* DetailViewController.h */,
				CE38AB161672A4BE00E1CA5C /* DetailViewController.m */,
				CE38AAD516718ABA00E1CA5C /* TableViewController.h */,
				CE38AAD616718ABA00E1CA5C /* TableViewController.m */,
				CE59B9F1162CBBA30086A36E /* AppDelegate.h */,
				CE59B9F2162CBBA30086A36E /* AppDelegate.m */,
				CE9DB7AF162D33BE00D2D214 /* DataModel.xcdatamodeld */,
				CE60CD1216A364810062EF2B /* Products.h */,
				CE60CD1316A364810062EF2B /* Products.m */,
				CE59B9F7162CBBA30086A36E /* MainViewController.h */,
				CE59B9F8162CBBA30086A36E /* MainViewController.m */,
				CE59B9E9162CBBA30086A36E /* Supporting Files */,
				CEBC0A05162D8341002359C2 /* ScanView.h */,
				CE7389A41655E375003AE3DC /* ScanViewController.h */,
				CE7389A51655E375003AE3DC /* ScanViewController.m */,
				CEBC0A06162D8341002359C2 /* ScanView.m */,
				CE5AD45C1667BADD0010F5EF /* communities.json */,
			);
			path = "Mobile Food";
			sourceTree = "<group>";
		};
		CE59B9E9162CBBA30086A36E /* Supporting Files */ = {
			isa = PBXGroup;
			children = (
				CE59B9EA162CBBA30086A36E /* Mobile Food-Info.plist */,
				CE59B9EE162CBBA30086A36E /* main.m */,
				CE59B9F0162CBBA30086A36E /* Mobile Food-Prefix.pch */,
			);
			name = "Supporting Files";
			sourceTree = "<group>";
		};
		CE9DB7B7162D5B5B00D2D214 /* ZBarSDK */ = {
			isa = PBXGroup;
			children = (
				CE9DB7B8162D5B5B00D2D214 /* Headers */,
				CE9DB7CF162D5B5B00D2D214 /* libzbar.a */,
				CE9DB7D0162D5B5B00D2D214 /* Resources */,
			);
			path = ZBarSDK;
			sourceTree = "<group>";
		};
		CE9DB7B8162D5B5B00D2D214 /* Headers */ = {
			isa = PBXGroup;
			children = (
				CE9DB7B9162D5B5B00D2D214 /* ZBarSDK */,
			);
			path = Headers;
			sourceTree = "<group>";
		};
		CE9DB7B9162D5B5B00D2D214 /* ZBarSDK */ = {
			isa = PBXGroup;
			children = (
				CE9DB7BA162D5B5B00D2D214 /* zbar */,
				CE9DB7C4162D5B5B00D2D214 /* zbar.h */,
				CE9DB7C5162D5B5B00D2D214 /* ZBarCameraSimulator.h */,
				CE9DB7C6162D5B5B00D2D214 /* ZBarCaptureReader.h */,
				CE9DB7C7162D5B5B00D2D214 /* ZBarHelpController.h */,
				CE9DB7C8162D5B5B00D2D214 /* ZBarImage.h */,
				CE9DB7C9162D5B5B00D2D214 /* ZBarImageScanner.h */,
				CE9DB7CA162D5B5B00D2D214 /* ZBarReaderController.h */,
				CE9DB7CB162D5B5B00D2D214 /* ZBarReaderView.h */,
				CE9DB7CC162D5B5B00D2D214 /* ZBarReaderViewController.h */,
				CE9DB7CD162D5B5B00D2D214 /* ZBarSDK.h */,
				CE9DB7CE162D5B5B00D2D214 /* ZBarSymbol.h */,
			);
			path = ZBarSDK;
			sourceTree = "<group>";
		};
		CE9DB7BA162D5B5B00D2D214 /* zbar */ = {
			isa = PBXGroup;
			children = (
				CE9DB7BB162D5B5B00D2D214 /* Decoder.h */,
				CE9DB7BC162D5B5B00D2D214 /* Exception.h */,
				CE9DB7BD162D5B5B00D2D214 /* Image.h */,
				CE9DB7BE162D5B5B00D2D214 /* ImageScanner.h */,
				CE9DB7BF162D5B5B00D2D214 /* Processor.h */,
				CE9DB7C0162D5B5B00D2D214 /* Scanner.h */,
				CE9DB7C1162D5B5B00D2D214 /* Symbol.h */,
				CE9DB7C2162D5B5B00D2D214 /* Video.h */,
				CE9DB7C3162D5B5B00D2D214 /* Window.h */,
			);
			path = zbar;
			sourceTree = "<group>";
		};
		CE9DB7D0162D5B5B00D2D214 /* Resources */ = {
			isa = PBXGroup;
			children = (
				CE9DB7D1162D5B5B00D2D214 /* zbar-back.png */,
				CE9DB7D2162D5B5B00D2D214 /* zbar-help.html */,
				CE9DB7D3162D5B5B00D2D214 /* zbar-helpicons.png */,
			);
			path = Resources;
			sourceTree = "<group>";
		};
/* End PBXGroup section */

/* Begin PBXNativeTarget section */
		CE59B9DD162CBBA30086A36E /* Mobile Food */ = {
			isa = PBXNativeTarget;
			buildConfigurationList = CE59B9FC162CBBA30086A36E /* Build configuration list for PBXNativeTarget "Mobile Food" */;
			buildPhases = (
				CE59B9DA162CBBA30086A36E /* Sources */,
				CE59B9DB162CBBA30086A36E /* Frameworks */,
				CE59B9DC162CBBA30086A36E /* Resources */,
			);
			buildRules = (
			);
			dependencies = (
			);
			name = "Mobile Food";
			productName = "Mobile Food";
			productReference = CE59B9DE162CBBA30086A36E /* Mobile Food.app */;
			productType = "com.apple.product-type.application";
		};
/* End PBXNativeTarget section */

/* Begin PBXProject section */
		CE59B9D5162CBBA20086A36E /* Project object */ = {
			isa = PBXProject;
			attributes = {
				LastUpgradeCheck = 0430;
			};
			buildConfigurationList = CE59B9D8162CBBA20086A36E /* Build configuration list for PBXProject "Mobile Food" */;
			compatibilityVersion = "Xcode 3.2";
			developmentRegion = English;
			hasScannedForEncodings = 0;
			knownRegions = (
				en,
			);
			mainGroup = CE59B9D3162CBBA20086A36E;
			productRefGroup = CE59B9DF162CBBA30086A36E /* Products */;
			projectDirPath = "";
			projectRoot = "";
			targets = (
				CE59B9DD162CBBA30086A36E /* Mobile Food */,
			);
		};
/* End PBXProject section */

/* Begin PBXResourcesBuildPhase section */
		CE59B9DC162CBBA30086A36E /* Resources */ = {
			isa = PBXResourcesBuildPhase;
			buildActionMask = 2147483647;
			files = (
				CE9DB7D6162D5B5B00D2D214 /* zbar-back.png in Resources */,
				CE9DB7D7162D5B5B00D2D214 /* zbar-help.html in Resources */,
				CE9DB7D8162D5B5B00D2D214 /* zbar-helpicons.png in Resources */,
				CE5AD45D1667BADD0010F5EF /* communities.json in Resources */,
				CE26E28316A5502800C5561F /* MainStoryboard.storyboard in Resources */,
				CE26E28616A591A700C5561F /* Favorite_off.png in Resources */,
				CE26E28716A591A700C5561F /* Favorite_on.png in Resources */,
				CE26E28916A5948500C5561F /* Favorite_off.png in Resources */,
				CE6387E116A6208300698F0C /* NOT.png in Resources */,
				CE6387E216A6208300698F0C /* OK.png in Resources */,
			);
			runOnlyForDeploymentPostprocessing = 0;
		};
/* End PBXResourcesBuildPhase section */

/* Begin PBXSourcesBuildPhase section */
		CE59B9DA162CBBA30086A36E /* Sources */ = {
			isa = PBXSourcesBuildPhase;
			buildActionMask = 2147483647;
			files = (
				CE59B9EF162CBBA30086A36E /* main.m in Sources */,
				CE59B9F3162CBBA30086A36E /* AppDelegate.m in Sources */,
				CE59B9F9162CBBA30086A36E /* MainViewController.m in Sources */,
				CE9DB7B1162D33BE00D2D214 /* DataModel.xcdatamodeld in Sources */,
				CEBC0A07162D8341002359C2 /* ScanView.m in Sources */,
				CE7389A61655E375003AE3DC /* ScanViewController.m in Sources */,
				CE38AAD716718ABA00E1CA5C /* TableViewController.m in Sources */,
				CE38AB171672A4BE00E1CA5C /* DetailViewController.m in Sources */,
				CE7B845B167A1283005B5A3E /* CategoryViewController.m in Sources */,
				CE60CD1416A364810062EF2B /* Products.m in Sources */,
			);
			runOnlyForDeploymentPostprocessing = 0;
		};
/* End PBXSourcesBuildPhase section */

/* Begin XCBuildConfiguration section */
		CE59B9FA162CBBA30086A36E /* Debug */ = {
			isa = XCBuildConfiguration;
			buildSettings = {
				ALWAYS_SEARCH_USER_PATHS = NO;
				ARCHS = "$(ARCHS_STANDARD_32_BIT)";
				CLANG_ENABLE_OBJC_ARC = YES;
				CODE_SIGN_IDENTITY = "iPhone Developer";
				"CODE_SIGN_IDENTITY[sdk=iphoneos*]" = "iPhone Developer";
				COPY_PHASE_STRIP = NO;
				GCC_C_LANGUAGE_STANDARD = gnu99;
				GCC_DYNAMIC_NO_PIC = NO;
				GCC_OPTIMIZATION_LEVEL = 0;
				GCC_PREPROCESSOR_DEFINITIONS = (
					"DEBUG=1",
					"$(inherited)",
				);
				GCC_SYMBOLS_PRIVATE_EXTERN = NO;
				GCC_VERSION = com.apple.compilers.llvm.clang.1_0;
				GCC_WARN_ABOUT_RETURN_TYPE = YES;
				GCC_WARN_UNINITIALIZED_AUTOS = YES;
				GCC_WARN_UNUSED_VARIABLE = YES;
				IPHONEOS_DEPLOYMENT_TARGET = 5.1;
				PROVISIONING_PROFILE = "";
				"PROVISIONING_PROFILE[sdk=iphoneos*]" = "";
				SDKROOT = iphoneos;
			};
			name = Debug;
		};
		CE59B9FB162CBBA30086A36E /* Release */ = {
			isa = XCBuildConfiguration;
			buildSettings = {
				ALWAYS_SEARCH_USER_PATHS = NO;
				ARCHS = "$(ARCHS_STANDARD_32_BIT)";
				CLANG_ENABLE_OBJC_ARC = YES;
				CODE_SIGN_IDENTITY = "iPhone Developer";
				"CODE_SIGN_IDENTITY[sdk=iphoneos*]" = "iPhone Developer: Pascal Muther (WWR8RMLGJV)";
				COPY_PHASE_STRIP = YES;
				GCC_C_LANGUAGE_STANDARD = gnu99;
				GCC_VERSION = com.apple.compilers.llvm.clang.1_0;
				GCC_WARN_ABOUT_RETURN_TYPE = YES;
				GCC_WARN_UNINITIALIZED_AUTOS = YES;
				GCC_WARN_UNUSED_VARIABLE = YES;
				IPHONEOS_DEPLOYMENT_TARGET = 5.1;
				OTHER_CFLAGS = "-DNS_BLOCK_ASSERTIONS=1";
				PROVISIONING_PROFILE = "";
				"PROVISIONING_PROFILE[sdk=iphoneos*]" = "";
				SDKROOT = iphoneos;
				VALIDATE_PRODUCT = YES;
			};
			name = Release;
		};
		CE59B9FD162CBBA30086A36E /* Debug */ = {
			isa = XCBuildConfiguration;
			buildSettings = {
				"CODE_SIGN_ENTITLEMENTS[sdk=iphoneos5.1]" = "";
				CODE_SIGN_IDENTITY = "iPhone Developer: Pascal Muther (WWR8RMLGJV)";
				"CODE_SIGN_IDENTITY[sdk=iphoneos*]" = "iPhone Developer: Pascal Muther (WWR8RMLGJV)";
				GCC_PRECOMPILE_PREFIX_HEADER = YES;
				GCC_PREFIX_HEADER = "Mobile Food/Mobile Food-Prefix.pch";
				INFOPLIST_FILE = "Mobile Food/Mobile Food-Info.plist";
				INSTALL_PATH = "";
				LIBRARY_SEARCH_PATHS = (
					"$(inherited)",
					"\"$(SRCROOT)/ZBarSDK\"",
					"\"/Volumes/VMware Shared Folders/Downloads/Mobile Food/ZBarSDK\"",
				);
				PRODUCT_NAME = "$(TARGET_NAME)";
				PROVISIONING_PROFILE = "688CBDDA-D428-4767-9F10-B056E2E2EB50";
				"PROVISIONING_PROFILE[sdk=iphoneos*]" = "688CBDDA-D428-4767-9F10-B056E2E2EB50";
				WRAPPER_EXTENSION = app;
			};
			name = Debug;
		};
		CE59B9FE162CBBA30086A36E /* Release */ = {
			isa = XCBuildConfiguration;
			buildSettings = {
				CODE_SIGN_IDENTITY = "iPhone Developer: Pascal Muther (WWR8RMLGJV)";
				"CODE_SIGN_IDENTITY[sdk=iphoneos*]" = "iPhone Developer: Pascal Muther (V87JR83AWD)";
				GCC_PRECOMPILE_PREFIX_HEADER = YES;
				GCC_PREFIX_HEADER = "Mobile Food/Mobile Food-Prefix.pch";
				INFOPLIST_FILE = "Mobile Food/Mobile Food-Info.plist";
				INSTALL_PATH = "";
				LIBRARY_SEARCH_PATHS = (
					"$(inherited)",
					"\"$(SRCROOT)/ZBarSDK\"",
					"\"/Volumes/VMware Shared Folders/Downloads/Mobile Food/ZBarSDK\"",
				);
				PRODUCT_NAME = "$(TARGET_NAME)";
				PROVISIONING_PROFILE = "688CBDDA-D428-4767-9F10-B056E2E2EB50";
				"PROVISIONING_PROFILE[sdk=iphoneos*]" = "";
				WRAPPER_EXTENSION = app;
			};
			name = Release;
		};
/* End XCBuildConfiguration section */

/* Begin XCConfigurationList section */
		CE59B9D8162CBBA20086A36E /* Build configuration list for PBXProject "Mobile Food" */ = {
			isa = XCConfigurationList;
			buildConfigurations = (
				CE59B9FA162CBBA30086A36E /* Debug */,
				CE59B9FB162CBBA30086A36E /* Release */,
			);
			defaultConfigurationIsVisible = 0;
			defaultConfigurationName = Debug;
		};
		CE59B9FC162CBBA30086A36E /* Build configuration list for PBXNativeTarget "Mobile Food" */ = {
			isa = XCConfigurationList;
			buildConfigurations = (
				CE59B9FD162CBBA30086A36E /* Debug */,
				CE59B9FE162CBBA30086A36E /* Release */,
			);
			defaultConfigurationIsVisible = 0;
			defaultConfigurationName = Debug;
		};
/* End XCConfigurationList section */

/* Begin XCVersionGroup section */
		CE9DB7AF162D33BE00D2D214 /* DataModel.xcdatamodeld */ = {
			isa = XCVersionGroup;
			children = (
				CE9DB7B0162D33BE00D2D214 /* DataModel.xcdatamodel */,
			);
			currentVersion = CE9DB7B0162D33BE00D2D214 /* DataModel.xcdatamodel */;
			path = DataModel.xcdatamodeld;
			sourceTree = "<group>";
			versionGroupType = wrapper.xcdatamodel;
		};
/* End XCVersionGroup section */
	};
	rootObject = CE59B9D5162CBBA20086A36E /* Project object */;
}
